# This file is generated by running "yarn install" inside your project.
# Manual changes might be lost - proceed with caution!

__metadata:
  version: 8
  cacheKey: 10

"@sohcah/aoc2023@workspace:.":
  version: 0.0.0-use.local
  resolution: "@sohcah/aoc2023@workspace:."
  dependencies:
    "@types/chroma-js": "npm:^2"
    "@types/node": "npm:^20.10.4"
    chalk: "npm:^5.3.0"
    chroma-js: "npm:^2.4.2"
    clipboardy: "npm:^4.0.0"
    fast-safe-stringify: "npm:^2.1.1"
    typescript: "npm:^5.3.2"
  languageName: unknown
  linkType: soft

"@types/chroma-js@npm:^2":
  version: 2.4.3
  resolution: "@types/chroma-js@npm:2.4.3"
  checksum: d6e8567bea25f02d97a2771fc818b949e7d9f750497b364234e671e7b1e807aee104bc4d007f9fe1ab42b5f13cafb7e3fcef0ae6bf6dae2b93f8d271527ba82e
  languageName: node
  linkType: hard

"@types/node@npm:^20.10.4":
  version: 20.10.4
  resolution: "@types/node@npm:20.10.4"
  dependencies:
    undici-types: "npm:~5.26.4"
  checksum: c10c1dd13f5c2341ad866777dc32946538a99e1ebd203ae127730814b8e5fa4aedfbcb01cb3e24a5466f1af64bcdfa16e7de6e745ff098fff0942aa779b7fe03
  languageName: node
  linkType: hard

"chalk@npm:^5.3.0":
  version: 5.3.0
  resolution: "chalk@npm:5.3.0"
  checksum: 6373caaab21bd64c405bfc4bd9672b145647fc9482657b5ea1d549b3b2765054e9d3d928870cdf764fb4aad67555f5061538ff247b8310f110c5c888d92397ea
  languageName: node
  linkType: hard

"chroma-js@npm:^2.4.2":
  version: 2.4.2
  resolution: "chroma-js@npm:2.4.2"
  checksum: 2fb16f4189de7818abf9e4d61ab3afc76d4013ebdef36982105c41df834dc5050b04afff1b9559914edab384b39cbe61b26cbdcd4142d39532b1b0f2a2f14f76
  languageName: node
  linkType: hard

"clipboardy@npm:^4.0.0":
  version: 4.0.0
  resolution: "clipboardy@npm:4.0.0"
  dependencies:
    execa: "npm:^8.0.1"
    is-wsl: "npm:^3.1.0"
    is64bit: "npm:^2.0.0"
  checksum: ec4ebe7e5c81d9c9cb994637e7b0e068c1c8fc272167ecd5519f967427271ec66e0e64da7268a2630b860eff42933aeabe25ba5e42bb80dbf1fae6362df059ed
  languageName: node
  linkType: hard

"cross-spawn@npm:^7.0.3":
  version: 7.0.3
  resolution: "cross-spawn@npm:7.0.3"
  dependencies:
    path-key: "npm:^3.1.0"
    shebang-command: "npm:^2.0.0"
    which: "npm:^2.0.1"
  checksum: e1a13869d2f57d974de0d9ef7acbf69dc6937db20b918525a01dacb5032129bd552d290d886d981e99f1b624cb03657084cc87bd40f115c07ecf376821c729ce
  languageName: node
  linkType: hard

"execa@npm:^8.0.1":
  version: 8.0.1
  resolution: "execa@npm:8.0.1"
  dependencies:
    cross-spawn: "npm:^7.0.3"
    get-stream: "npm:^8.0.1"
    human-signals: "npm:^5.0.0"
    is-stream: "npm:^3.0.0"
    merge-stream: "npm:^2.0.0"
    npm-run-path: "npm:^5.1.0"
    onetime: "npm:^6.0.0"
    signal-exit: "npm:^4.1.0"
    strip-final-newline: "npm:^3.0.0"
  checksum: d2ab5fe1e2bb92b9788864d0713f1fce9a07c4594e272c0c97bc18c90569897ab262e4ea58d27a694d288227a2e24f16f5e2575b44224ad9983b799dc7f1098d
  languageName: node
  linkType: hard

"fast-safe-stringify@npm:^2.1.1":
  version: 2.1.1
  resolution: "fast-safe-stringify@npm:2.1.1"
  checksum: dc1f063c2c6ac9533aee14d406441f86783a8984b2ca09b19c2fe281f9ff59d315298bc7bc22fd1f83d26fe19ef2f20e2ddb68e96b15040292e555c5ced0c1e4
  languageName: node
  linkType: hard

"get-stream@npm:^8.0.1":
  version: 8.0.1
  resolution: "get-stream@npm:8.0.1"
  checksum: dde5511e2e65a48e9af80fea64aff11b4921b14b6e874c6f8294c50975095af08f41bfb0b680c887f28b566dd6ec2cb2f960f9d36a323359be324ce98b766e9e
  languageName: node
  linkType: hard

"human-signals@npm:^5.0.0":
  version: 5.0.0
  resolution: "human-signals@npm:5.0.0"
  checksum: 30f8870d831cdcd2d6ec0486a7d35d49384996742052cee792854273fa9dd9e7d5db06bb7985d4953e337e10714e994e0302e90dc6848069171b05ec836d65b0
  languageName: node
  linkType: hard

"is-docker@npm:^3.0.0":
  version: 3.0.0
  resolution: "is-docker@npm:3.0.0"
  bin:
    is-docker: cli.js
  checksum: b698118f04feb7eaf3338922bd79cba064ea54a1c3db6ec8c0c8d8ee7613e7e5854d802d3ef646812a8a3ace81182a085dfa0a71cc68b06f3fa794b9783b3c90
  languageName: node
  linkType: hard

"is-inside-container@npm:^1.0.0":
  version: 1.0.0
  resolution: "is-inside-container@npm:1.0.0"
  dependencies:
    is-docker: "npm:^3.0.0"
  bin:
    is-inside-container: cli.js
  checksum: c50b75a2ab66ab3e8b92b3bc534e1ea72ca25766832c0623ac22d134116a98bcf012197d1caabe1d1c4bd5f84363d4aa5c36bb4b585fbcaf57be172cd10a1a03
  languageName: node
  linkType: hard

"is-stream@npm:^3.0.0":
  version: 3.0.0
  resolution: "is-stream@npm:3.0.0"
  checksum: 172093fe99119ffd07611ab6d1bcccfe8bc4aa80d864b15f43e63e54b7abc71e779acd69afdb854c4e2a67fdc16ae710e370eda40088d1cfc956a50ed82d8f16
  languageName: node
  linkType: hard

"is-wsl@npm:^3.1.0":
  version: 3.1.0
  resolution: "is-wsl@npm:3.1.0"
  dependencies:
    is-inside-container: "npm:^1.0.0"
  checksum: f9734c81f2f9cf9877c5db8356bfe1ff61680f1f4c1011e91278a9c0564b395ae796addb4bf33956871041476ec82c3e5260ed57b22ac91794d4ae70a1d2f0a9
  languageName: node
  linkType: hard

"is64bit@npm:^2.0.0":
  version: 2.0.0
  resolution: "is64bit@npm:2.0.0"
  dependencies:
    system-architecture: "npm:^0.1.0"
  checksum: 94dafd5f29bfb96c542e89ef8c33e811159ca7d07a2890ab83026fa87706612af4101308d9392e9ee68e046e8604a6b59a8f41091f8556f6235efbcfd9c5574c
  languageName: node
  linkType: hard

"isexe@npm:^2.0.0":
  version: 2.0.0
  resolution: "isexe@npm:2.0.0"
  checksum: 7c9f715c03aff08f35e98b1fadae1b9267b38f0615d501824f9743f3aab99ef10e303ce7db3f186763a0b70a19de5791ebfc854ff884d5a8c4d92211f642ec92
  languageName: node
  linkType: hard

"merge-stream@npm:^2.0.0":
  version: 2.0.0
  resolution: "merge-stream@npm:2.0.0"
  checksum: 6fa4dcc8d86629705cea944a4b88ef4cb0e07656ebf223fa287443256414283dd25d91c1cd84c77987f2aec5927af1a9db6085757cb43d90eb170ebf4b47f4f4
  languageName: node
  linkType: hard

"mimic-fn@npm:^4.0.0":
  version: 4.0.0
  resolution: "mimic-fn@npm:4.0.0"
  checksum: 995dcece15ee29aa16e188de6633d43a3db4611bcf93620e7e62109ec41c79c0f34277165b8ce5e361205049766e371851264c21ac64ca35499acb5421c2ba56
  languageName: node
  linkType: hard

"npm-run-path@npm:^5.1.0":
  version: 5.1.0
  resolution: "npm-run-path@npm:5.1.0"
  dependencies:
    path-key: "npm:^4.0.0"
  checksum: dc184eb5ec239d6a2b990b43236845332ef12f4e0beaa9701de724aa797fe40b6bbd0157fb7639d24d3ab13f5d5cf22d223a19c6300846b8126f335f788bee66
  languageName: node
  linkType: hard

"onetime@npm:^6.0.0":
  version: 6.0.0
  resolution: "onetime@npm:6.0.0"
  dependencies:
    mimic-fn: "npm:^4.0.0"
  checksum: 0846ce78e440841335d4e9182ef69d5762e9f38aa7499b19f42ea1c4cd40f0b4446094c455c713f9adac3f4ae86f613bb5e30c99e52652764d06a89f709b3788
  languageName: node
  linkType: hard

"path-key@npm:^3.1.0":
  version: 3.1.1
  resolution: "path-key@npm:3.1.1"
  checksum: 55cd7a9dd4b343412a8386a743f9c746ef196e57c823d90ca3ab917f90ab9f13dd0ded27252ba49dbdfcab2b091d998bc446f6220cd3cea65db407502a740020
  languageName: node
  linkType: hard

"path-key@npm:^4.0.0":
  version: 4.0.0
  resolution: "path-key@npm:4.0.0"
  checksum: 8e6c314ae6d16b83e93032c61020129f6f4484590a777eed709c4a01b50e498822b00f76ceaf94bc64dbd90b327df56ceadce27da3d83393790f1219e07721d7
  languageName: node
  linkType: hard

"shebang-command@npm:^2.0.0":
  version: 2.0.0
  resolution: "shebang-command@npm:2.0.0"
  dependencies:
    shebang-regex: "npm:^3.0.0"
  checksum: 6b52fe87271c12968f6a054e60f6bde5f0f3d2db483a1e5c3e12d657c488a15474121a1d55cd958f6df026a54374ec38a4a963988c213b7570e1d51575cea7fa
  languageName: node
  linkType: hard

"shebang-regex@npm:^3.0.0":
  version: 3.0.0
  resolution: "shebang-regex@npm:3.0.0"
  checksum: 1a2bcae50de99034fcd92ad4212d8e01eedf52c7ec7830eedcf886622804fe36884278f2be8be0ea5fde3fd1c23911643a4e0f726c8685b61871c8908af01222
  languageName: node
  linkType: hard

"signal-exit@npm:^4.1.0":
  version: 4.1.0
  resolution: "signal-exit@npm:4.1.0"
  checksum: c9fa63bbbd7431066174a48ba2dd9986dfd930c3a8b59de9c29d7b6854ec1c12a80d15310869ea5166d413b99f041bfa3dd80a7947bcd44ea8e6eb3ffeabfa1f
  languageName: node
  linkType: hard

"strip-final-newline@npm:^3.0.0":
  version: 3.0.0
  resolution: "strip-final-newline@npm:3.0.0"
  checksum: 23ee263adfa2070cd0f23d1ac14e2ed2f000c9b44229aec9c799f1367ec001478469560abefd00c5c99ee6f0b31c137d53ec6029c53e9f32a93804e18c201050
  languageName: node
  linkType: hard

"system-architecture@npm:^0.1.0":
  version: 0.1.0
  resolution: "system-architecture@npm:0.1.0"
  checksum: ca0dd793c45c354ab57dd7fc8ce7dc9923a6e07382bd3b22eb5b08f55ddb0217c390d00767549c5155fd4ce7ef23ffdd8cfb33dd4344cbbd37837d085a50f6f0
  languageName: node
  linkType: hard

"typescript@npm:^5.3.2":
  version: 5.3.2
  resolution: "typescript@npm:5.3.2"
  bin:
    tsc: bin/tsc
    tsserver: bin/tsserver
  checksum: 415e5fb6611f5713e460bad48039f00bcfdbde53a2f911727862d5aa9c5d5edd250059a419df382d8f031709e15a169c41eb62b6a401da5eec7ac0f4e359d6ac
  languageName: node
  linkType: hard

"typescript@patch:typescript@npm%3A^5.3.2#optional!builtin<compat/typescript>":
  version: 5.3.2
  resolution: "typescript@patch:typescript@npm%3A5.3.2#optional!builtin<compat/typescript>::version=5.3.2&hash=e012d7"
  bin:
    tsc: bin/tsc
    tsserver: bin/tsserver
  checksum: 1b45cdfb577a78ae7a9a9d0b77a7b772142cb98ba05e4e5aefba7044a028ded885bcecef63166407a5986645cea816fe4986894336aacd5e791796ea79a6a7ed
  languageName: node
  linkType: hard

"undici-types@npm:~5.26.4":
  version: 5.26.5
  resolution: "undici-types@npm:5.26.5"
  checksum: 0097779d94bc0fd26f0418b3a05472410408877279141ded2bd449167be1aed7ea5b76f756562cb3586a07f251b90799bab22d9019ceba49c037c76445f7cddd
  languageName: node
  linkType: hard

"which@npm:^2.0.1":
  version: 2.0.2
  resolution: "which@npm:2.0.2"
  dependencies:
    isexe: "npm:^2.0.0"
  bin:
    node-which: ./bin/node-which
  checksum: 4782f8a1d6b8fc12c65e968fea49f59752bf6302dc43036c3bf87da718a80710f61a062516e9764c70008b487929a73546125570acea95c5b5dcc8ac3052c70f
  languageName: node
  linkType: hard
